
Microsoft Visual Studio Solution File, Format Version 12.00
# Visual Studio Version 17
VisualStudioVersion = 17.5.33516.290
MinimumVisualStudioVersion = 10.0.40219.1
Project("{9A19103F-16F7-4668-BE54-9A1E7A4F7556}") = "Laboratorium 1", "Laboratorium 1\Laboratorium 1.csproj", "{0C833DC3-7F7A-4930-90AA-B644CCF03E99}"
EndProject
Project("{9A19103F-16F7-4668-BE54-9A1E7A4F7556}") = "Laboratorium 2", "Laboratorium 2\Laboratorium 2.csproj", "{D4D7433D-3073-45F4-822C-73E66F651974}"
EndProject
Project("{FAE04EC0-301F-11D3-BF4B-00C04F79EFBC}") = "Laboratorium", "Laboratorium\Laboratorium.csproj", "{A83D5C79-E2EE-459B-B1B4-01EBE10C8FBB}"
EndProject
Project("{FAE04EC0-301F-11D3-BF4B-00C04F79EFBC}") = "Data", "Data\Data.csproj", "{B3122E15-3D27-4EA8-874D-BE2CE956A2B8}"
EndProject
Global
	GlobalSection(SolutionConfigurationPlatforms) = preSolution
		Debug|Any CPU = Debug|Any CPU
		Release|Any CPU = Release|Any CPU
	EndGlobalSection
	GlobalSection(ProjectConfigurationPlatforms) = postSolution
		{0C833DC3-7F7A-4930-90AA-B644CCF03E99}.Debug|Any CPU.ActiveCfg = Debug|Any CPU
		{0C833DC3-7F7A-4930-90AA-B644CCF03E99}.Debug|Any CPU.Build.0 = Debug|Any CPU
		{0C833DC3-7F7A-4930-90AA-B644CCF03E99}.Release|Any CPU.ActiveCfg = Release|Any CPU
		{0C833DC3-7F7A-4930-90AA-B644CCF03E99}.Release|Any CPU.Build.0 = Release|Any CPU
		{D4D7433D-3073-45F4-822C-73E66F651974}.Debug|Any CPU.ActiveCfg = Debug|Any CPU
		{D4D7433D-3073-45F4-822C-73E66F651974}.Debug|Any CPU.Build.0 = Debug|Any CPU
		{D4D7433D-3073-45F4-822C-73E66F651974}.Release|Any CPU.ActiveCfg = Release|Any CPU
		{D4D7433D-3073-45F4-822C-73E66F651974}.Release|Any CPU.Build.0 = Release|Any CPU
		{A83D5C79-E2EE-459B-B1B4-01EBE10C8FBB}.Debug|Any CPU.ActiveCfg = Debug|Any CPU
		{A83D5C79-E2EE-459B-B1B4-01EBE10C8FBB}.Debug|Any CPU.Build.0 = Debug|Any CPU
		{A83D5C79-E2EE-459B-B1B4-01EBE10C8FBB}.Release|Any CPU.ActiveCfg = Release|Any CPU
		{A83D5C79-E2EE-459B-B1B4-01EBE10C8FBB}.Release|Any CPU.Build.0 = Release|Any CPU
		{B3122E15-3D27-4EA8-874D-BE2CE956A2B8}.Debug|Any CPU.ActiveCfg = Debug|Any CPU
		{B3122E15-3D27-4EA8-874D-BE2CE956A2B8}.Debug|Any CPU.Build.0 = Debug|Any CPU
		{B3122E15-3D27-4EA8-874D-BE2CE956A2B8}.Release|Any CPU.ActiveCfg = Release|Any CPU
		{B3122E15-3D27-4EA8-874D-BE2CE956A2B8}.Release|Any CPU.Build.0 = Release|Any CPU
	EndGlobalSection
	GlobalSection(SolutionProperties) = preSolution
		HideSolutionNode = FALSE
	EndGlobalSection
	GlobalSection(ExtensibilityGlobals) = postSolution
		SolutionGuid = {4E8BEEF9-8BB6-49CE-956A-290AD0DF0E70}
	EndGlobalSection
EndGlobal
